
Microsoft Visual Studio Solution File, Format Version 12.00
# Visual Studio Version 16
VisualStudioVersion = 16.0.31911.196
MinimumVisualStudioVersion = 10.0.40219.1
Project("{FAE04EC0-301F-11D3-BF4B-00C04F79EFBC}") = "ThetaExercise", "ThetaExercise.csproj", "{573A1EB8-F7A1-43D9-920D-6290824BF4CB}"
EndProject
Global
	GlobalSection(SolutionConfigurationPlatforms) = preSolution
		Debug|Any CPU = Debug|Any CPU
		Release|Any CPU = Release|Any CPU
	EndGlobalSection
	GlobalSection(ProjectConfigurationPlatforms) = postSolution
		{573A1EB8-F7A1-43D9-920D-6290824BF4CB}.Debug|Any CPU.ActiveCfg = Debug|Any CPU
		{573A1EB8-F7A1-43D9-920D-6290824BF4CB}.Debug|Any CPU.Build.0 = Debug|Any CPU
		{573A1EB8-F7A1-43D9-920D-6290824BF4CB}.Release|Any CPU.ActiveCfg = Release|Any CPU
		{573A1EB8-F7A1-43D9-920D-6290824BF4CB}.Release|Any CPU.Build.0 = Release|Any CPU
	EndGlobalSection
	GlobalSection(SolutionProperties) = preSolution
		HideSolutionNode = FALSE
	EndGlobalSection
	GlobalSection(ExtensibilityGlobals) = postSolution
		SolutionGuid = {9A4D87C7-D619-45FB-8353-2B65784A45C4}
	EndGlobalSection
EndGlobal
